// !$*UTF8*$!
{
	archiveVersion = 1;
	classes = {
	};
	objectVersion = 48;
	objects = {

/* Begin PBXBuildFile section */
		6FB7793C20548BA80095B3C7 /* AppDelegate.swift in Sources */ = {isa = PBXBuildFile; fileRef = 6FB7793B20548BA80095B3C7 /* AppDelegate.swift */; };
		6FB7793E20548BA80095B3C7 /* ViewController.swift in Sources */ = {isa = PBXBuildFile; fileRef = 6FB7793D20548BA80095B3C7 /* ViewController.swift */; };
		6FB7794120548BA80095B3C7 /* Main.storyboard in Resources */ = {isa = PBXBuildFile; fileRef = 6FB7793F20548BA80095B3C7 /* Main.storyboard */; };
		6FB7794320548BA80095B3C7 /* Assets.xcassets in Resources */ = {isa = PBXBuildFile; fileRef = 6FB7794220548BA80095B3C7 /* Assets.xcassets */; };
		6FB7794620548BA80095B3C7 /* LaunchScreen.storyboard in Resources */ = {isa = PBXBuildFile; fileRef = 6FB7794420548BA80095B3C7 /* LaunchScreen.storyboard */; };
		6FB7795120548BA80095B3C7 /* The_Great_Number_GameTests.swift in Sources */ = {isa = PBXBuildFile; fileRef = 6FB7795020548BA80095B3C7 /* The_Great_Number_GameTests.swift */; };
		6FB7795C20548BA80095B3C7 /* The_Great_Number_GameUITests.swift in Sources */ = {isa = PBXBuildFile; fileRef = 6FB7795B20548BA80095B3C7 /* The_Great_Number_GameUITests.swift */; };
/* End PBXBuildFile section */

/* Begin PBXContainerItemProxy section */
		6FB7794D20548BA80095B3C7 /* PBXContainerItemProxy */ = {
			isa = PBXContainerItemProxy;
			containerPortal = 6FB7793020548BA80095B3C7 /* Project object */;
			proxyType = 1;
			remoteGlobalIDString = 6FB7793720548BA80095B3C7;
			remoteInfo = "The Great Number Game";
		};
		6FB7795820548BA80095B3C7 /* PBXContainerItemProxy */ = {
			isa = PBXContainerItemProxy;
			containerPortal = 6FB7793020548BA80095B3C7 /* Project object */;
			proxyType = 1;
			remoteGlobalIDString = 6FB7793720548BA80095B3C7;
			remoteInfo = "The Great Number Game";
		};
/* End PBXContainerItemProxy section */

/* Begin PBXFileReference section */
		6FB7793820548BA80095B3C7 /* The Great Number Game.app */ = {isa = PBXFileReference; explicitFileType = wrapper.application; includeInIndex = 0; path = "The Great Number Game.app"; sourceTree = BUILT_PRODUCTS_DIR; };
		6FB7793B20548BA80095B3C7 /* AppDelegate.swift */ = {isa = PBXFileReference; lastKnownFileType = sourcecode.swift; path = AppDelegate.swift; sourceTree = "<group>"; };
		6FB7793D20548BA80095B3C7 /* ViewController.swift */ = {isa = PBXFileReference; lastKnownFileType = sourcecode.swift; path = ViewController.swift; sourceTree = "<group>"; };
		6FB7794020548BA80095B3C7 /* Base */ = {isa = PBXFileReference; lastKnownFileType = file.storyboard; name = Base; path = Base.lproj/Main.storyboard; sourceTree = "<group>"; };
		6FB7794220548BA80095B3C7 /* Assets.xcassets */ = {isa = PBXFileReference; lastKnownFileType = folder.assetcatalog; path = Assets.xcassets; sourceTree = "<group>"; };
		6FB7794520548BA80095B3C7 /* Base */ = {isa = PBXFileReference; lastKnownFileType = file.storyboard; name = Base; path = Base.lproj/LaunchScreen.storyboard; sourceTree = "<group>"; };
		6FB7794720548BA80095B3C7 /* Info.plist */ = {isa = PBXFileReference; lastKnownFileType = text.plist.xml; path = Info.plist; sourceTree = "<group>"; };
		6FB7794C20548BA80095B3C7 /* The Great Number GameTests.xctest */ = {isa = PBXFileReference; explicitFileType = wrapper.cfbundle; includeInIndex = 0; path = "The Great Number GameTests.xctest"; sourceTree = BUILT_PRODUCTS_DIR; };
		6FB7795020548BA80095B3C7 /* The_Great_Number_GameTests.swift */ = {isa = PBXFileReference; lastKnownFileType = sourcecode.swift; path = The_Great_Number_GameTests.swift; sourceTree = "<group>"; };
		6FB7795220548BA80095B3C7 /* Info.plist */ = {isa = PBXFileReference; lastKnownFileType = text.plist.xml; path = Info.plist; sourceTree = "<group>"; };
		6FB7795720548BA80095B3C7 /* The Great Number GameUITests.xctest */ = {isa = PBXFileReference; explicitFileType = wrapper.cfbundle; includeInIndex = 0; path = "The Great Number GameUITests.xctest"; sourceTree = BUILT_PRODUCTS_DIR; };
		6FB7795B20548BA80095B3C7 /* The_Great_Number_GameUITests.swift */ = {isa = PBXFileReference; lastKnownFileType = sourcecode.swift; path = The_Great_Number_GameUITests.swift; sourceTree = "<group>"; };
		6FB7795D20548BA80095B3C7 /* Info.plist */ = {isa = PBXFileReference; lastKnownFileType = text.plist.xml; path = Info.plist; sourceTree = "<group>"; };
/* End PBXFileReference section */

/* Begin PBXFrameworksBuildPhase section */
		6FB7793520548BA80095B3C7 /* Frameworks */ = {
			isa = PBXFrameworksBuildPhase;
			buildActionMask = 2147483647;
			files = (
			);
			runOnlyForDeploymentPostprocessing = 0;
		};
		6FB7794920548BA80095B3C7 /* Frameworks */ = {
			isa = PBXFrameworksBuildPhase;
			buildActionMask = 2147483647;
			files = (
			);
			runOnlyForDeploymentPostprocessing = 0;
		};
		6FB7795420548BA80095B3C7 /* Frameworks */ = {
			isa = PBXFrameworksBuildPhase;
			buildActionMask = 2147483647;
			files = (
			);
			runOnlyForDeploymentPostprocessing = 0;
		};
/* End PBXFrameworksBuildPhase section */

/* Begin PBXGroup section */
		6FB7792F20548BA80095B3C7 = {
			isa = PBXGroup;
			children = (
				6FB7793A20548BA80095B3C7 /* The Great Number Game */,
				6FB7794F20548BA80095B3C7 /* The Great Number GameTests */,
				6FB7795A20548BA80095B3C7 /* The Great Number GameUITests */,
				6FB7793920548BA80095B3C7 /* Products */,
			);
			sourceTree = "<group>";
		};
		6FB7793920548BA80095B3C7 /* Products */ = {
			isa = PBXGroup;
			children = (
				6FB7793820548BA80095B3C7 /* The Great Number Game.app */,
				6FB7794C20548BA80095B3C7 /* The Great Number GameTests.xctest */,
				6FB7795720548BA80095B3C7 /* The Great Number GameUITests.xctest */,
			);
			name = Products;
			sourceTree = "<group>";
		};
		6FB7793A20548BA80095B3C7 /* The Great Number Game */ = {
			isa = PBXGroup;
			children = (
				6FB7793B20548BA80095B3C7 /* AppDelegate.swift */,
				6FB7793D20548BA80095B3C7 /* ViewController.swift */,
				6FB7793F20548BA80095B3C7 /* Main.storyboard */,
				6FB7794220548BA80095B3C7 /* Assets.xcassets */,
				6FB7794420548BA80095B3C7 /* LaunchScreen.storyboard */,
				6FB7794720548BA80095B3C7 /* Info.plist */,
			);
			path = "The Great Number Game";
			sourceTree = "<group>";
		};
		6FB7794F20548BA80095B3C7 /* The Great Number GameTests */ = {
			isa = PBXGroup;
			children = (
				6FB7795020548BA80095B3C7 /* The_Great_Number_GameTests.swift */,
				6FB7795220548BA80095B3C7 /* Info.plist */,
			);
			path = "The Great Number GameTests";
			sourceTree = "<group>";
		};
		6FB7795A20548BA80095B3C7 /* The Great Number GameUITests */ = {
			isa = PBXGroup;
			children = (
				6FB7795B20548BA80095B3C7 /* The_Great_Number_GameUITests.swift */,
				6FB7795D20548BA80095B3C7 /* Info.plist */,
			);
			path = "The Great Number GameUITests";
			sourceTree = "<group>";
		};
/* End PBXGroup section */

/* Begin PBXNativeTarget section */
		6FB7793720548BA80095B3C7 /* The Great Number Game */ = {
			isa = PBXNativeTarget;
			buildConfigurationList = 6FB7796020548BA80095B3C7 /* Build configuration list for PBXNativeTarget "The Great Number Game" */;
			buildPhases = (
				6FB7793420548BA80095B3C7 /* Sources */,
				6FB7793520548BA80095B3C7 /* Frameworks */,
				6FB7793620548BA80095B3C7 /* Resources */,
			);
			buildRules = (
			);
			dependencies = (
			);
			name = "The Great Number Game";
			productName = "The Great Number Game";
			productReference = 6FB7793820548BA80095B3C7 /* The Great Number Game.app */;
			productType = "com.apple.product-type.application";
		};
		6FB7794B20548BA80095B3C7 /* The Great Number GameTests */ = {
			isa = PBXNativeTarget;
			buildConfigurationList = 6FB7796320548BA80095B3C7 /* Build configuration list for PBXNativeTarget "The Great Number GameTests" */;
			buildPhases = (
				6FB7794820548BA80095B3C7 /* Sources */,
				6FB7794920548BA80095B3C7 /* Frameworks */,
				6FB7794A20548BA80095B3C7 /* Resources */,
			);
			buildRules = (
			);
			dependencies = (
				6FB7794E20548BA80095B3C7 /* PBXTargetDependency */,
			);
			name = "The Great Number GameTests";
			productName = "The Great Number GameTests";
			productReference = 6FB7794C20548BA80095B3C7 /* The Great Number GameTests.xctest */;
			productType = "com.apple.product-type.bundle.unit-test";
		};
		6FB7795620548BA80095B3C7 /* The Great Number GameUITests */ = {
			isa = PBXNativeTarget;
			buildConfigurationList = 6FB7796620548BA80095B3C7 /* Build configuration list for PBXNativeTarget "The Great Number GameUITests" */;
			buildPhases = (
				6FB7795320548BA80095B3C7 /* Sources */,
				6FB7795420548BA80095B3C7 /* Frameworks */,
				6FB7795520548BA80095B3C7 /* Resources */,
			);
			buildRules = (
			);
			dependencies = (
				6FB7795920548BA80095B3C7 /* PBXTargetDependency */,
			);
			name = "The Great Number GameUITests";
			productName = "The Great Number GameUITests";
			productReference = 6FB7795720548BA80095B3C7 /* The Great Number GameUITests.xctest */;
			productType = "com.apple.product-type.bundle.ui-testing";
		};
/* End PBXNativeTarget section */

/* Begin PBXProject section */
		6FB7793020548BA80095B3C7 /* Project object */ = {
			isa = PBXProject;
			attributes = {
				LastSwiftUpdateCheck = 0920;
				LastUpgradeCheck = 0920;
				ORGANIZATIONNAME = "Ian Yang";
				TargetAttributes = {
					6FB7793720548BA80095B3C7 = {
						CreatedOnToolsVersion = 9.2;
						ProvisioningStyle = Automatic;
					};
					6FB7794B20548BA80095B3C7 = {
						CreatedOnToolsVersion = 9.2;
						ProvisioningStyle = Automatic;
						TestTargetID = 6FB7793720548BA80095B3C7;
					};
					6FB7795620548BA80095B3C7 = {
						CreatedOnToolsVersion = 9.2;
						ProvisioningStyle = Automatic;
						TestTargetID = 6FB7793720548BA80095B3C7;
					};
				};
			};
			buildConfigurationList = 6FB7793320548BA80095B3C7 /* Build configuration list for PBXProject "The Great Number Game" */;
			compatibilityVersion = "Xcode 8.0";
			developmentRegion = en;
			hasScannedForEncodings = 0;
			knownRegions = (
				en,
				Base,
			);
			mainGroup = 6FB7792F20548BA80095B3C7;
			productRefGroup = 6FB7793920548BA80095B3C7 /* Products */;
			projectDirPath = "";
			projectRoot = "";
			targets = (
				6FB7793720548BA80095B3C7 /* The Great Number Game */,
				6FB7794B20548BA80095B3C7 /* The Great Number GameTests */,
				6FB7795620548BA80095B3C7 /* The Great Number GameUITests */,
			);
		};
/* End PBXProject section */

/* Begin PBXResourcesBuildPhase section */
		6FB7793620548BA80095B3C7 /* Resources */ = {
			isa = PBXResourcesBuildPhase;
			buildActionMask = 2147483647;
			files = (
				6FB7794620548BA80095B3C7 /* LaunchScreen.storyboard in Resources */,
				6FB7794320548BA80095B3C7 /* Assets.xcassets in Resources */,
				6FB7794120548BA80095B3C7 /* Main.storyboard in Resources */,
			);
			runOnlyForDeploymentPostprocessing = 0;
		};
		6FB7794A20548BA80095B3C7 /* Resources */ = {
			isa = PBXResourcesBuildPhase;
			buildActionMask = 2147483647;
			files = (
			);
			runOnlyForDeploymentPostprocessing = 0;
		};
		6FB7795520548BA80095B3C7 /* Resources */ = {
			isa = PBXResourcesBuildPhase;
			buildActionMask = 2147483647;
			files = (
			);
			runOnlyForDeploymentPostprocessing = 0;
		};
/* End PBXResourcesBuildPhase section */

/* Begin PBXSourcesBuildPhase section */
		6FB7793420548BA80095B3C7 /* Sources */ = {
			isa = PBXSourcesBuildPhase;
			buildActionMask = 2147483647;
			files = (
				6FB7793E20548BA80095B3C7 /* ViewController.swift in Sources */,
				6FB7793C20548BA80095B3C7 /* AppDelegate.swift in Sources */,
			);
			runOnlyForDeploymentPostprocessing = 0;
		};
		6FB7794820548BA80095B3C7 /* Sources */ = {
			isa = PBXSourcesBuildPhase;
			buildActionMask = 2147483647;
			files = (
				6FB7795120548BA80095B3C7 /* The_Great_Number_GameTests.swift in Sources */,
			);
			runOnlyForDeploymentPostprocessing = 0;
		};
		6FB7795320548BA80095B3C7 /* Sources */ = {
			isa = PBXSourcesBuildPhase;
			buildActionMask = 2147483647;
			files = (
				6FB7795C20548BA80095B3C7 /* The_Great_Number_GameUITests.swift in Sources */,
			);
			runOnlyForDeploymentPostprocessing = 0;
		};
/* End PBXSourcesBuildPhase section */

/* Begin PBXTargetDependency section */
		6FB7794E20548BA80095B3C7 /* PBXTargetDependency */ = {
			isa = PBXTargetDependency;
			target = 6FB7793720548BA80095B3C7 /* The Great Number Game */;
			targetProxy = 6FB7794D20548BA80095B3C7 /* PBXContainerItemProxy */;
		};
		6FB7795920548BA80095B3C7 /* PBXTargetDependency */ = {
			isa = PBXTargetDependency;
			target = 6FB7793720548BA80095B3C7 /* The Great Number Game */;
			targetProxy = 6FB7795820548BA80095B3C7 /* PBXContainerItemProxy */;
		};
/* End PBXTargetDependency section */

/* Begin PBXVariantGroup section */
		6FB7793F20548BA80095B3C7 /* Main.storyboard */ = {
			isa = PBXVariantGroup;
			children = (
				6FB7794020548BA80095B3C7 /* Base */,
			);
			name = Main.storyboard;
			sourceTree = "<group>";
		};
		6FB7794420548BA80095B3C7 /* LaunchScreen.storyboard */ = {
			isa = PBXVariantGroup;
			children = (
				6FB7794520548BA80095B3C7 /* Base */,
			);
			name = LaunchScreen.storyboard;
			sourceTree = "<group>";
		};
/* End PBXVariantGroup section */

/* Begin XCBuildConfiguration section */
		6FB7795E20548BA80095B3C7 /* Debug */ = {
			isa = XCBuildConfiguration;
			buildSettings = {
				ALWAYS_SEARCH_USER_PATHS = NO;
				CLANG_ANALYZER_NONNULL = YES;
				CLANG_ANALYZER_NUMBER_OBJECT_CONVERSION = YES_AGGRESSIVE;
				CLANG_CXX_LANGUAGE_STANDARD = "gnu++14";
				CLANG_CXX_LIBRARY = "libc++";
				CLANG_ENABLE_MODULES = YES;
				CLANG_ENABLE_OBJC_ARC = YES;
				CLANG_WARN_BLOCK_CAPTURE_AUTORELEASING = YES;
				CLANG_WARN_BOOL_CONVERSION = YES;
				CLANG_WARN_COMMA = YES;
				CLANG_WARN_CONSTANT_CONVERSION = YES;
				CLANG_WARN_DIRECT_OBJC_ISA_USAGE = YES_ERROR;
				CLANG_WARN_DOCUMENTATION_COMMENTS = YES;
				CLANG_WARN_EMPTY_BODY = YES;
				CLANG_WARN_ENUM_CONVERSION = YES;
				CLANG_WARN_INFINITE_RECURSION = YES;
				CLANG_WARN_INT_CONVERSION = YES;
				CLANG_WARN_NON_LITERAL_NULL_CONVERSION = YES;
				CLANG_WARN_OBJC_LITERAL_CONVERSION = YES;
				CLANG_WARN_OBJC_ROOT_CLASS = YES_ERROR;
				CLANG_WARN_RANGE_LOOP_ANALYSIS = YES;
				CLANG_WARN_STRICT_PROTOTYPES = YES;
				CLANG_WARN_SUSPICIOUS_MOVE = YES;
				CLANG_WARN_UNGUARDED_AVAILABILITY = YES_AGGRESSIVE;
				CLANG_WARN_UNREACHABLE_CODE = YES;
				CLANG_WARN__DUPLICATE_METHOD_MATCH = YES;
				CODE_SIGN_IDENTITY = "iPhone Developer";
				COPY_PHASE_STRIP = NO;
				DEBUG_INFORMATION_FORMAT = dwarf;
				ENABLE_STRICT_OBJC_MSGSEND = YES;
				ENABLE_TESTABILITY = YES;
				GCC_C_LANGUAGE_STANDARD = gnu11;
				GCC_DYNAMIC_NO_PIC = NO;
				GCC_NO_COMMON_BLOCKS = YES;
				GCC_OPTIMIZATION_LEVEL = 0;
				GCC_PREPROCESSOR_DEFINITIONS = (
					"DEBUG=1",
					"$(inherited)",
				);
				GCC_WARN_64_TO_32_BIT_CONVERSION = YES;
				GCC_WARN_ABOUT_RETURN_TYPE = YES_ERROR;
				GCC_WARN_UNDECLARED_SELECTOR = YES;
				GCC_WARN_UNINITIALIZED_AUTOS = YES_AGGRESSIVE;
				GCC_WARN_UNUSED_FUNCTION = YES;
				GCC_WARN_UNUSED_VARIABLE = YES;
				IPHONEOS_DEPLOYMENT_TARGET = 11.2;
				MTL_ENABLE_DEBUG_INFO = YES;
				ONLY_ACTIVE_ARCH = YES;
				SDKROOT = iphoneos;
				SWIFT_ACTIVE_COMPILATION_CONDITIONS = DEBUG;
				SWIFT_OPTIMIZATION_LEVEL = "-Onone";
			};
			name = Debug;
		};
		6FB7795F20548BA80095B3C7 /* Release */ = {
			isa = XCBuildConfiguration;
			buildSettings = {
				ALWAYS_SEARCH_USER_PATHS = NO;
				CLANG_ANALYZER_NONNULL = YES;
				CLANG_ANALYZER_NUMBER_OBJECT_CONVERSION = YES_AGGRESSIVE;
				CLANG_CXX_LANGUAGE_STANDARD = "gnu++14";
				CLANG_CXX_LIBRARY = "libc++";
				CLANG_ENABLE_MODULES = YES;
				CLANG_ENABLE_OBJC_ARC = YES;
				CLANG_WARN_BLOCK_CAPTURE_AUTORELEASING = YES;
				CLANG_WARN_BOOL_CONVERSION = YES;
				CLANG_WARN_COMMA = YES;
				CLANG_WARN_CONSTANT_CONVERSION = YES;
				CLANG_WARN_DIRECT_OBJC_ISA_USAGE = YES_ERROR;
				CLANG_WARN_DOCUMENTATION_COMMENTS = YES;
				CLANG_WARN_EMPTY_BODY = YES;
				CLANG_WARN_ENUM_CONVERSION = YES;
				CLANG_WARN_INFINITE_RECURSION = YES;
				CLANG_WARN_INT_CONVERSION = YES;
				CLANG_WARN_NON_LITERAL_NULL_CONVERSION = YES;
				CLANG_WARN_OBJC_LITERAL_CONVERSION = YES;
				CLANG_WARN_OBJC_ROOT_CLASS = YES_ERROR;
				CLANG_WARN_RANGE_LOOP_ANALYSIS = YES;
				CLANG_WARN_STRICT_PROTOTYPES = YES;
				CLANG_WARN_SUSPICIOUS_MOVE = YES;
				CLANG_WARN_UNGUARDED_AVAILABILITY = YES_AGGRESSIVE;
				CLANG_WARN_UNREACHABLE_CODE = YES;
				CLANG_WARN__DUPLICATE_METHOD_MATCH = YES;
				CODE_SIGN_IDENTITY = "iPhone Developer";
				COPY_PHASE_STRIP = NO;
				DEBUG_INFORMATION_FORMAT = "dwarf-with-dsym";
				ENABLE_NS_ASSERTIONS = NO;
				ENABLE_STRICT_OBJC_MSGSEND = YES;
				GCC_C_LANGUAGE_STANDARD = gnu11;
				GCC_NO_COMMON_BLOCKS = YES;
				GCC_WARN_64_TO_32_BIT_CONVERSION = YES;
				GCC_WARN_ABOUT_RETURN_TYPE = YES_ERROR;
				GCC_WARN_UNDECLARED_SELECTOR = YES;
				GCC_WARN_UNINITIALIZED_AUTOS = YES_AGGRESSIVE;
				GCC_WARN_UNUSED_FUNCTION = YES;
				GCC_WARN_UNUSED_VARIABLE = YES;
				IPHONEOS_DEPLOYMENT_TARGET = 11.2;
				MTL_ENABLE_DEBUG_INFO = NO;
				SDKROOT = iphoneos;
				SWIFT_OPTIMIZATION_LEVEL = "-Owholemodule";
				VALIDATE_PRODUCT = YES;
			};
			name = Release;
		};
		6FB7796120548BA80095B3C7 /* Debug */ = {
			isa = XCBuildConfiguration;
			buildSettings = {
				ASSETCATALOG_COMPILER_APPICON_NAME = AppIcon;
				CODE_SIGN_STYLE = Automatic;
				DEVELOPMENT_TEAM = 3YTYXM9Q86;
				INFOPLIST_FILE = "The Great Number Game/Info.plist";
				LD_RUNPATH_SEARCH_PATHS = "$(inherited) @executable_path/Frameworks";
				PRODUCT_BUNDLE_IDENTIFIER = "com.mycompany.The-Great-Number-Game";
				PRODUCT_NAME = "$(TARGET_NAME)";
				SWIFT_VERSION = 4.0;
				TARGETED_DEVICE_FAMILY = "1,2";
			};
			name = Debug;
		};
		6FB7796220548BA80095B3C7 /* Release */ = {
			isa = XCBuildConfiguration;
			buildSettings = {
				ASSETCATALOG_COMPILER_APPICON_NAME = AppIcon;
				CODE_SIGN_STYLE = Automatic;
				DEVELOPMENT_TEAM = 3YTYXM9Q86;
				INFOPLIST_FILE = "The Great Number Game/Info.plist";
				LD_RUNPATH_SEARCH_PATHS = "$(inherited) @executable_path/Frameworks";
				PRODUCT_BUNDLE_IDENTIFIER = "com.mycompany.The-Great-Number-Game";
				PRODUCT_NAME = "$(TARGET_NAME)";
				SWIFT_VERSION = 4.0;
				TARGETED_DEVICE_FAMILY = "1,2";
			};
			name = Release;
		};
		6FB7796420548BA80095B3C7 /* Debug */ = {
			isa = XCBuildConfiguration;
			buildSettings = {
				ALWAYS_EMBED_SWIFT_STANDARD_LIBRARIES = YES;
				BUNDLE_LOADER = "$(TEST_HOST)";
				CODE_SIGN_STYLE = Automatic;
				DEVELOPMENT_TEAM = 3YTYXM9Q86;
				INFOPLIST_FILE = "The Great Number GameTests/Info.plist";
				LD_RUNPATH_SEARCH_PATHS = "$(inherited) @executable_path/Frameworks @loader_path/Frameworks";
				PRODUCT_BUNDLE_IDENTIFIER = "com.mycompany.The-Great-Number-GameTests";
				PRODUCT_NAME = "$(TARGET_NAME)";
				SWIFT_VERSION = 4.0;
				TARGETED_DEVICE_FAMILY = "1,2";
				TEST_HOST = "$(BUILT_PRODUCTS_DIR)/The Great Number Game.app/The Great Number Game";
			};
			name = Debug;
		};
		6FB7796520548BA80095B3C7 /* Release */ = {
			isa = XCBuildConfiguration;
			buildSettings = {
				ALWAYS_EMBED_SWIFT_STANDARD_LIBRARIES = YES;
				BUNDLE_LOADER = "$(TEST_HOST)";
				CODE_SIGN_STYLE = Automatic;
				DEVELOPMENT_TEAM = 3YTYXM9Q86;
				INFOPLIST_FILE = "The Great Number GameTests/Info.plist";
				LD_RUNPATH_SEARCH_PATHS = "$(inherited) @executable_path/Frameworks @loader_path/Frameworks";
				PRODUCT_BUNDLE_IDENTIFIER = "com.mycompany.The-Great-Number-GameTests";
				PRODUCT_NAME = "$(TARGET_NAME)";
				SWIFT_VERSION = 4.0;
				TARGETED_DEVICE_FAMILY = "1,2";
				TEST_HOST = "$(BUILT_PRODUCTS_DIR)/The Great Number Game.app/The Great Number Game";
			};
			name = Release;
		};
		6FB7796720548BA80095B3C7 /* Debug */ = {
			isa = XCBuildConfiguration;
			buildSettings = {
				ALWAYS_EMBED_SWIFT_STANDARD_LIBRARIES = YES;
				CODE_SIGN_STYLE = Automatic;
				DEVELOPMENT_TEAM = 3YTYXM9Q86;
				INFOPLIST_FILE = "The Great Number GameUITests/Info.plist";
				LD_RUNPATH_SEARCH_PATHS = "$(inherited) @executable_path/Frameworks @loader_path/Frameworks";
				PRODUCT_BUNDLE_IDENTIFIER = "com.mycompany.The-Great-Number-GameUITests";
				PRODUCT_NAME = "$(TARGET_NAME)";
				SWIFT_VERSION = 4.0;
				TARGETED_DEVICE_FAMILY = "1,2";
				TEST_TARGET_NAME = "The Great Number Game";
			};
			name = Debug;
		};
		6FB7796820548BA80095B3C7 /* Release */ = {
			isa = XCBuildConfiguration;
			buildSettings = {
				ALWAYS_EMBED_SWIFT_STANDARD_LIBRARIES = YES;
				CODE_SIGN_STYLE = Automatic;
				DEVELOPMENT_TEAM = 3YTYXM9Q86;
				INFOPLIST_FILE = "The Great Number GameUITests/Info.plist";
				LD_RUNPATH_SEARCH_PATHS = "$(inherited) @executable_path/Frameworks @loader_path/Frameworks";
				PRODUCT_BUNDLE_IDENTIFIER = "com.mycompany.The-Great-Number-GameUITests";
				PRODUCT_NAME = "$(TARGET_NAME)";
				SWIFT_VERSION = 4.0;
				TARGETED_DEVICE_FAMILY = "1,2";
				TEST_TARGET_NAME = "The Great Number Game";
			};
			name = Release;
		};
/* End XCBuildConfiguration section */

/* Begin XCConfigurationList section */
		6FB7793320548BA80095B3C7 /* Build configuration list for PBXProject "The Great Number Game" */ = {
			isa = XCConfigurationList;
			buildConfigurations = (
				6FB7795E20548BA80095B3C7 /* Debug */,
				6FB7795F20548BA80095B3C7 /* Release */,
			);
			defaultConfigurationIsVisible = 0;
			defaultConfigurationName = Release;
		};
		6FB7796020548BA80095B3C7 /* Build configuration list for PBXNativeTarget "The Great Number Game" */ = {
			isa = XCConfigurationList;
			buildConfigurations = (
				6FB7796120548BA80095B3C7 /* Debug */,
				6FB7796220548BA80095B3C7 /* Release */,
			);
			defaultConfigurationIsVisible = 0;
			defaultConfigurationName = Release;
		};
		6FB7796320548BA80095B3C7 /* Build configuration list for PBXNativeTarget "The Great Number GameTests" */ = {
			isa = XCConfigurationList;
			buildConfigurations = (
				6FB7796420548BA80095B3C7 /* Debug */,
				6FB7796520548BA80095B3C7 /* Release */,
			);
			defaultConfigurationIsVisible = 0;
			defaultConfigurationName = Release;
		};
		6FB7796620548BA80095B3C7 /* Build configuration list for PBXNativeTarget "The Great Number GameUITests" */ = {
			isa = XCConfigurationList;
			buildConfigurations = (
				6FB7796720548BA80095B3C7 /* Debug */,
				6FB7796820548BA80095B3C7 /* Release */,
			);
			defaultConfigurationIsVisible = 0;
			defaultConfigurationName = Release;
		};
/* End XCConfigurationList section */
	};
	rootObject = 6FB7793020548BA80095B3C7 /* Project object */;
}
